<?xml version="1.0" encoding="utf-8"?>
<Project ToolsVersion="4.0" xmlns="http://schemas.microsoft.com/developer/msbuild/2003">
  <ItemGroup>
    <ClCompile Include="QApplication.cpp">
      <Filter>Source Files</Filter>
    </ClCompile>
    <ClCompile Include="AssemblyInfo.cpp">
      <Filter>Source Files</Filter>
    </ClCompile>
    <ClCompile Include="QLabel.cpp">
      <Filter>Source Files</Filter>
    </ClCompile>
    <ClCompile Include="QWidget.cpp">
      <Filter>Source Files</Filter>
    </ClCompile>
    <ClCompile Include="QtNET.cpp">
      <Filter>Source Files</Filter>
    </ClCompile>
    <ClCompile Include="QMainWindow.cpp">
      <Filter>Source Files</Filter>
    </ClCompile>
  </ItemGroup>
  <ItemGroup>
    <ClInclude Include="QApplication.h">
      <Filter>Header Files</Filter>
    </ClInclude>
    <ClInclude Include="QLabel.h">
      <Filter>Header Files</Filter>
    </ClInclude>
    <ClInclude Include="QWidget.h">
      <Filter>Header Files</Filter>
    </ClInclude>
    <ClInclude Include="WindowType.h">
      <Filter>Header Files</Filter>
    </ClInclude>
    <ClInclude Include="QtNET.h">
      <Filter>Header Files</Filter>
    </ClInclude>
    <ClInclude Include="QMainWindow.h">
      <Filter>Header Files</Filter>
    </ClInclude>
  </ItemGroup>
  <ItemGroup>
    <Filter Include="Header Files">
      <UniqueIdentifier>{52eb1506-c71d-4d55-829d-5c09ed7f2297}</UniqueIdentifier>
    </Filter>
    <Filter Include="Source Files">
      <UniqueIdentifier>{59b7d812-e5a5-476e-b0d7-cd15b386b36e}</UniqueIdentifier>
    </Filter>
  </ItemGroup>
</Project>